
Microsoft Visual Studio Solution File, Format Version 12.00
# Visual Studio Version 17
VisualStudioVersion = 17.6.33927.249
MinimumVisualStudioVersion = 10.0.40219.1
Project("{FAE04EC0-301F-11D3-BF4B-00C04F79EFBC}") = "Sample", "Sample.csproj", "{EA8B290C-DE6E-48FC-A82D-D2C6683A06B4}"
EndProject
Project("{FAE04EC0-301F-11D3-BF4B-00C04F79EFBC}") = "Utils", "..\..\Workspaces\Suluware\Utils\Utils.csproj", "{A8095B42-1B7C-4942-A6A3-32B72A8998A5}"
EndProject
Global
	GlobalSection(SolutionConfigurationPlatforms) = preSolution
		Debug|Any CPU = Debug|Any CPU
		Release|Any CPU = Release|Any CPU
	EndGlobalSection
	GlobalSection(ProjectConfigurationPlatforms) = postSolution
		{EA8B290C-DE6E-48FC-A82D-D2C6683A06B4}.Debug|Any CPU.ActiveCfg = Debug|Any CPU
		{EA8B290C-DE6E-48FC-A82D-D2C6683A06B4}.Debug|Any CPU.Build.0 = Debug|Any CPU
		{EA8B290C-DE6E-48FC-A82D-D2C6683A06B4}.Release|Any CPU.ActiveCfg = Release|Any CPU
		{EA8B290C-DE6E-48FC-A82D-D2C6683A06B4}.Release|Any CPU.Build.0 = Release|Any CPU
		{A8095B42-1B7C-4942-A6A3-32B72A8998A5}.Debug|Any CPU.ActiveCfg = Debug|Any CPU
		{A8095B42-1B7C-4942-A6A3-32B72A8998A5}.Debug|Any CPU.Build.0 = Debug|Any CPU
		{A8095B42-1B7C-4942-A6A3-32B72A8998A5}.Release|Any CPU.ActiveCfg = Release|Any CPU
		{A8095B42-1B7C-4942-A6A3-32B72A8998A5}.Release|Any CPU.Build.0 = Release|Any CPU
	EndGlobalSection
	GlobalSection(SolutionProperties) = preSolution
		HideSolutionNode = FALSE
	EndGlobalSection
	GlobalSection(ExtensibilityGlobals) = postSolution
		SolutionGuid = {850C36AF-A46F-4E41-9CCF-FAFD403DF15B}
	EndGlobalSection
EndGlobal
